
Microsoft Visual Studio Solution File, Format Version 12.00
# Visual Studio Version 16
VisualStudioVersion = 16.0.32510.428
MinimumVisualStudioVersion = 10.0.40219.1
Project("{FAE04EC0-301F-11D3-BF4B-00C04F79EFBC}") = "herança", "herança\herança.csproj", "{99A25AB6-3BDB-433E-9478-312612A40100}"
EndProject
Global
	GlobalSection(SolutionConfigurationPlatforms) = preSolution
		Debug|Any CPU = Debug|Any CPU
		Release|Any CPU = Release|Any CPU
	EndGlobalSection
	GlobalSection(ProjectConfigurationPlatforms) = postSolution
		{99A25AB6-3BDB-433E-9478-312612A40100}.Debug|Any CPU.ActiveCfg = Debug|Any CPU
		{99A25AB6-3BDB-433E-9478-312612A40100}.Debug|Any CPU.Build.0 = Debug|Any CPU
		{99A25AB6-3BDB-433E-9478-312612A40100}.Release|Any CPU.ActiveCfg = Release|Any CPU
		{99A25AB6-3BDB-433E-9478-312612A40100}.Release|Any CPU.Build.0 = Release|Any CPU
	EndGlobalSection
	GlobalSection(SolutionProperties) = preSolution
		HideSolutionNode = FALSE
	EndGlobalSection
	GlobalSection(ExtensibilityGlobals) = postSolution
		SolutionGuid = {1EE0CE6A-F4F7-4C8C-BBC6-F44263E24A4D}
	EndGlobalSection
EndGlobal
